
Microsoft Visual Studio Solution File, Format Version 12.00
# Visual Studio Version 17
VisualStudioVersion = 17.11.35327.3
MinimumVisualStudioVersion = 10.0.40219.1
Project("{2150E333-8FDC-42A3-9474-1A3956D46DE8}") = "src", "src", "{BE889F7C-E0AD-426A-8A3E-AC03B361197F}"
EndProject
Project("{2150E333-8FDC-42A3-9474-1A3956D46DE8}") = "test", "test", "{1F716C23-C754-4096-9B5A-D2D1EE4E7B2F}"
EndProject
Project("{2150E333-8FDC-42A3-9474-1A3956D46DE8}") = "API", "API", "{2753C591-38A8-4391-AA1D-6B10121AD1ED}"
EndProject
Project("{2150E333-8FDC-42A3-9474-1A3956D46DE8}") = "Core", "Core", "{87F36364-5D24-47B5-B478-921C3F36AE88}"
EndProject
Project("{2150E333-8FDC-42A3-9474-1A3956D46DE8}") = "Infrastructure", "Infrastructure", "{4CBAD021-86CE-4525-96A8-91803AE8DE54}"
EndProject
Project("{2150E333-8FDC-42A3-9474-1A3956D46DE8}") = "UI", "UI", "{FE4E1574-5D33-4A8F-93A0-41C8C551643E}"
EndProject
Project("{9A19103F-16F7-4668-BE54-9A1E7A4F7556}") = "HR.LeaveManagment.Domain", "HR.LeaveManagment.Domain\HR.LeaveManagment.Domain.csproj", "{67EED552-AE96-44D0-A2DF-A22841363E0B}"
EndProject
Project("{9A19103F-16F7-4668-BE54-9A1E7A4F7556}") = "HR.LeaveManagment.Application", "HR.LeaveManagment.Application\HR.LeaveManagment.Application.csproj", "{2D769B4A-31B4-43C9-9184-3A647B752F19}"
EndProject
Project("{9A19103F-16F7-4668-BE54-9A1E7A4F7556}") = "HR.LeaveManagment.Infrastructure", "HR.LeaveManagment.Infrastructure\HR.LeaveManagment.Infrastructure.csproj", "{72345664-86BD-42C7-B4A0-6ED792AE5EA4}"
EndProject
Project("{9A19103F-16F7-4668-BE54-9A1E7A4F7556}") = "HR.LeaveManagment.Persistance", "HR.LeaveManagment.Persistance\HR.LeaveManagment.Persistance.csproj", "{A1479458-610F-4304-ACD5-51CDE4672246}"
EndProject
Project("{9A19103F-16F7-4668-BE54-9A1E7A4F7556}") = "HR.LeaveManagement.API", "HR.LeaveManagement.API\HR.LeaveManagement.API.csproj", "{9C286329-ADAA-44BE-981B-130402AE9CF4}"
EndProject
Project("{FAE04EC0-301F-11D3-BF4B-00C04F79EFBC}") = "HR.LeaveManagement.MVC", "HR.LeaveManagement.MVC\HR.LeaveManagement.MVC.csproj", "{10A1D1ED-C976-4F58-87BA-75885208BE35}"
EndProject
Global
	GlobalSection(SolutionConfigurationPlatforms) = preSolution
		Debug|Any CPU = Debug|Any CPU
		Release|Any CPU = Release|Any CPU
	EndGlobalSection
	GlobalSection(ProjectConfigurationPlatforms) = postSolution
		{67EED552-AE96-44D0-A2DF-A22841363E0B}.Debug|Any CPU.ActiveCfg = Debug|Any CPU
		{67EED552-AE96-44D0-A2DF-A22841363E0B}.Debug|Any CPU.Build.0 = Debug|Any CPU
		{67EED552-AE96-44D0-A2DF-A22841363E0B}.Release|Any CPU.ActiveCfg = Release|Any CPU
		{67EED552-AE96-44D0-A2DF-A22841363E0B}.Release|Any CPU.Build.0 = Release|Any CPU
		{2D769B4A-31B4-43C9-9184-3A647B752F19}.Debug|Any CPU.ActiveCfg = Debug|Any CPU
		{2D769B4A-31B4-43C9-9184-3A647B752F19}.Debug|Any CPU.Build.0 = Debug|Any CPU
		{2D769B4A-31B4-43C9-9184-3A647B752F19}.Release|Any CPU.ActiveCfg = Release|Any CPU
		{2D769B4A-31B4-43C9-9184-3A647B752F19}.Release|Any CPU.Build.0 = Release|Any CPU
		{72345664-86BD-42C7-B4A0-6ED792AE5EA4}.Debug|Any CPU.ActiveCfg = Debug|Any CPU
		{72345664-86BD-42C7-B4A0-6ED792AE5EA4}.Debug|Any CPU.Build.0 = Debug|Any CPU
		{72345664-86BD-42C7-B4A0-6ED792AE5EA4}.Release|Any CPU.ActiveCfg = Release|Any CPU
		{72345664-86BD-42C7-B4A0-6ED792AE5EA4}.Release|Any CPU.Build.0 = Release|Any CPU
		{A1479458-610F-4304-ACD5-51CDE4672246}.Debug|Any CPU.ActiveCfg = Debug|Any CPU
		{A1479458-610F-4304-ACD5-51CDE4672246}.Debug|Any CPU.Build.0 = Debug|Any CPU
		{A1479458-610F-4304-ACD5-51CDE4672246}.Release|Any CPU.ActiveCfg = Release|Any CPU
		{A1479458-610F-4304-ACD5-51CDE4672246}.Release|Any CPU.Build.0 = Release|Any CPU
		{9C286329-ADAA-44BE-981B-130402AE9CF4}.Debug|Any CPU.ActiveCfg = Debug|Any CPU
		{9C286329-ADAA-44BE-981B-130402AE9CF4}.Debug|Any CPU.Build.0 = Debug|Any CPU
		{9C286329-ADAA-44BE-981B-130402AE9CF4}.Release|Any CPU.ActiveCfg = Release|Any CPU
		{9C286329-ADAA-44BE-981B-130402AE9CF4}.Release|Any CPU.Build.0 = Release|Any CPU
		{10A1D1ED-C976-4F58-87BA-75885208BE35}.Debug|Any CPU.ActiveCfg = Debug|Any CPU
		{10A1D1ED-C976-4F58-87BA-75885208BE35}.Debug|Any CPU.Build.0 = Debug|Any CPU
		{10A1D1ED-C976-4F58-87BA-75885208BE35}.Release|Any CPU.ActiveCfg = Release|Any CPU
		{10A1D1ED-C976-4F58-87BA-75885208BE35}.Release|Any CPU.Build.0 = Release|Any CPU
	EndGlobalSection
	GlobalSection(SolutionProperties) = preSolution
		HideSolutionNode = FALSE
	EndGlobalSection
	GlobalSection(NestedProjects) = preSolution
		{2753C591-38A8-4391-AA1D-6B10121AD1ED} = {BE889F7C-E0AD-426A-8A3E-AC03B361197F}
		{87F36364-5D24-47B5-B478-921C3F36AE88} = {BE889F7C-E0AD-426A-8A3E-AC03B361197F}
		{4CBAD021-86CE-4525-96A8-91803AE8DE54} = {BE889F7C-E0AD-426A-8A3E-AC03B361197F}
		{FE4E1574-5D33-4A8F-93A0-41C8C551643E} = {BE889F7C-E0AD-426A-8A3E-AC03B361197F}
		{67EED552-AE96-44D0-A2DF-A22841363E0B} = {87F36364-5D24-47B5-B478-921C3F36AE88}
		{2D769B4A-31B4-43C9-9184-3A647B752F19} = {87F36364-5D24-47B5-B478-921C3F36AE88}
		{72345664-86BD-42C7-B4A0-6ED792AE5EA4} = {4CBAD021-86CE-4525-96A8-91803AE8DE54}
		{A1479458-610F-4304-ACD5-51CDE4672246} = {4CBAD021-86CE-4525-96A8-91803AE8DE54}
		{9C286329-ADAA-44BE-981B-130402AE9CF4} = {2753C591-38A8-4391-AA1D-6B10121AD1ED}
		{10A1D1ED-C976-4F58-87BA-75885208BE35} = {FE4E1574-5D33-4A8F-93A0-41C8C551643E}
	EndGlobalSection
	GlobalSection(ExtensibilityGlobals) = postSolution
		SolutionGuid = {5843B206-514E-41CF-98A0-B65EEB419192}
	EndGlobalSection
EndGlobal
